// !$*UTF8*$!
{
	archiveVersion = 1;
	classes = {
	};
	objectVersion = 52;
	objects = {

/* Begin PBXBuildFile section */
		A71DF263252C2E9200960605 /* StepSlider in Frameworks */ = {isa = PBXBuildFile; productRef = A71DF262252C2E9200960605 /* StepSlider */; };
		A7F48896248F29020024658F /* AppDelegate.swift in Sources */ = {isa = PBXBuildFile; fileRef = A7F48895248F29020024658F /* AppDelegate.swift */; };
		A7F48898248F29020024658F /* SceneDelegate.swift in Sources */ = {isa = PBXBuildFile; fileRef = A7F48897248F29020024658F /* SceneDelegate.swift */; };
		A7F4889A248F29020024658F /* ViewController.swift in Sources */ = {isa = PBXBuildFile; fileRef = A7F48899248F29020024658F /* ViewController.swift */; };
		A7F4889D248F29020024658F /* Main.storyboard in Resources */ = {isa = PBXBuildFile; fileRef = A7F4889B248F29020024658F /* Main.storyboard */; };
		A7F4889F248F29030024658F /* Assets.xcassets in Resources */ = {isa = PBXBuildFile; fileRef = A7F4889E248F29030024658F /* Assets.xcassets */; };
		A7F488A2248F29030024658F /* LaunchScreen.storyboard in Resources */ = {isa = PBXBuildFile; fileRef = A7F488A0248F29030024658F /* LaunchScreen.storyboard */; };
		A7F488B0248F34CC0024658F /* QuartzCore.framework in Frameworks */ = {isa = PBXBuildFile; fileRef = A7F488AF248F34CC0024658F /* QuartzCore.framework */; };
/* End PBXBuildFile section */

/* Begin PBXFileReference section */
		A7F48892248F29020024658F /* StepSliderSwift.app */ = {isa = PBXFileReference; explicitFileType = wrapper.application; includeInIndex = 0; path = StepSliderSwift.app; sourceTree = BUILT_PRODUCTS_DIR; };
		A7F48895248F29020024658F /* AppDelegate.swift */ = {isa = PBXFileReference; lastKnownFileType = sourcecode.swift; path = AppDelegate.swift; sourceTree = "<group>"; };
		A7F48897248F29020024658F /* SceneDelegate.swift */ = {isa = PBXFileReference; lastKnownFileType = sourcecode.swift; path = SceneDelegate.swift; sourceTree = "<group>"; };
		A7F48899248F29020024658F /* ViewController.swift */ = {isa = PBXFileReference; lastKnownFileType = sourcecode.swift; path = ViewController.swift; sourceTree = "<group>"; };
		A7F4889C248F29020024658F /* Base */ = {isa = PBXFileReference; lastKnownFileType = file.storyboard; name = Base; path = Base.lproj/Main.storyboard; sourceTree = "<group>"; };
		A7F4889E248F29030024658F /* Assets.xcassets */ = {isa = PBXFileReference; lastKnownFileType = folder.assetcatalog; path = Assets.xcassets; sourceTree = "<group>"; };
		A7F488A1248F29030024658F /* Base */ = {isa = PBXFileReference; lastKnownFileType = file.storyboard; name = Base; path = Base.lproj/LaunchScreen.storyboard; sourceTree = "<group>"; };
		A7F488A3248F29030024658F /* Info.plist */ = {isa = PBXFileReference; lastKnownFileType = text.plist.xml; path = Info.plist; sourceTree = "<group>"; };
		A7F488AF248F34CC0024658F /* QuartzCore.framework */ = {isa = PBXFileReference; lastKnownFileType = wrapper.framework; name = QuartzCore.framework; path = System/Library/Frameworks/QuartzCore.framework; sourceTree = SDKROOT; };
/* End PBXFileReference section */

/* Begin PBXFrameworksBuildPhase section */
		A7F4888F248F29020024658F /* Frameworks */ = {
			isa = PBXFrameworksBuildPhase;
			buildActionMask = 2147483647;
			files = (
				A7F488B0248F34CC0024658F /* QuartzCore.framework in Frameworks */,
				A71DF263252C2E9200960605 /* StepSlider in Frameworks */,
			);
			runOnlyForDeploymentPostprocessing = 0;
		};
/* End PBXFrameworksBuildPhase section */

/* Begin PBXGroup section */
		A7F48889248F29020024658F = {
			isa = PBXGroup;
			children = (
				A7F48894248F29020024658F /* StepSliderSwift */,
				A7F48893248F29020024658F /* Products */,
				A7F488AE248F34CB0024658F /* Frameworks */,
			);
			sourceTree = "<group>";
		};
		A7F48893248F29020024658F /* Products */ = {
			isa = PBXGroup;
			children = (
				A7F48892248F29020024658F /* StepSliderSwift.app */,
			);
			name = Products;
			sourceTree = "<group>";
		};
		A7F48894248F29020024658F /* StepSliderSwift */ = {
			isa = PBXGroup;
			children = (
				A7F48895248F29020024658F /* AppDelegate.swift */,
				A7F48897248F29020024658F /* SceneDelegate.swift */,
				A7F48899248F29020024658F /* ViewController.swift */,
				A7F4889B248F29020024658F /* Main.storyboard */,
				A7F4889E248F29030024658F /* Assets.xcassets */,
				A7F488A0248F29030024658F /* LaunchScreen.storyboard */,
				A7F488A3248F29030024658F /* Info.plist */,
			);
			path = StepSliderSwift;
			sourceTree = "<group>";
		};
		A7F488AE248F34CB0024658F /* Frameworks */ = {
			isa = PBXGroup;
			children = (
				A7F488AF248F34CC0024658F /* QuartzCore.framework */,
			);
			name = Frameworks;
			sourceTree = "<group>";
		};
/* End PBXGroup section */

/* Begin PBXNativeTarget section */
		A7F48891248F29020024658F /* StepSliderSwift */ = {
			isa = PBXNativeTarget;
			buildConfigurationList = A7F488A6248F29030024658F /* Build configuration list for PBXNativeTarget "StepSliderSwift" */;
			buildPhases = (
				A7F4888E248F29020024658F /* Sources */,
				A7F4888F248F29020024658F /* Frameworks */,
				A7F48890248F29020024658F /* Resources */,
			);
			buildRules = (
			);
			dependencies = (
			);
			name = StepSliderSwift;
			packageProductDependencies = (
				A71DF262252C2E9200960605 /* StepSlider */,
			);
			productName = StepSliderSwift;
			productReference = A7F48892248F29020024658F /* StepSliderSwift.app */;
			productType = "com.apple.product-type.application";
		};
/* End PBXNativeTarget section */

/* Begin PBXProject section */
		A7F4888A248F29020024658F /* Project object */ = {
			isa = PBXProject;
			attributes = {
				LastSwiftUpdateCheck = 1150;
				LastUpgradeCheck = 1150;
				ORGANIZATIONNAME = "游宗諭";
				TargetAttributes = {
					A7F48891248F29020024658F = {
						CreatedOnToolsVersion = 11.5;
					};
				};
			};
			buildConfigurationList = A7F4888D248F29020024658F /* Build configuration list for PBXProject "StepSliderSwift" */;
			compatibilityVersion = "Xcode 9.3";
			developmentRegion = en;
			hasScannedForEncodings = 0;
			knownRegions = (
				en,
				Base,
			);
			mainGroup = A7F48889248F29020024658F;
			packageReferences = (
				A71DF261252C2E9200960605 /* XCRemoteSwiftPackageReference "StepSliderSwift" */,
			);
			productRefGroup = A7F48893248F29020024658F /* Products */;
			projectDirPath = "";
			projectRoot = "";
			targets = (
				A7F48891248F29020024658F /* StepSliderSwift */,
			);
		};
/* End PBXProject section */

/* Begin PBXResourcesBuildPhase section */
		A7F48890248F29020024658F /* Resources */ = {
			isa = PBXResourcesBuildPhase;
			buildActionMask = 2147483647;
			files = (
				A7F488A2248F29030024658F /* LaunchScreen.storyboard in Resources */,
				A7F4889F248F29030024658F /* Assets.xcassets in Resources */,
				A7F4889D248F29020024658F /* Main.storyboard in Resources */,
			);
			runOnlyForDeploymentPostprocessing = 0;
		};
/* End PBXResourcesBuildPhase section */

/* Begin PBXSourcesBuildPhase section */
		A7F4888E248F29020024658F /* Sources */ = {
			isa = PBXSourcesBuildPhase;
			buildActionMask = 2147483647;
			files = (
				A7F4889A248F29020024658F /* ViewController.swift in Sources */,
				A7F48896248F29020024658F /* AppDelegate.swift in Sources */,
				A7F48898248F29020024658F /* SceneDelegate.swift in Sources */,
			);
			runOnlyForDeploymentPostprocessing = 0;
		};
/* End PBXSourcesBuildPhase section */

/* Begin PBXVariantGroup section */
		A7F4889B248F29020024658F /* Main.storyboard */ = {
			isa = PBXVariantGroup;
			children = (
				A7F4889C248F29020024658F /* Base */,
			);
			name = Main.storyboard;
			sourceTree = "<group>";
		};
		A7F488A0248F29030024658F /* LaunchScreen.storyboard */ = {
			isa = PBXVariantGroup;
			children = (
				A7F488A1248F29030024658F /* Base */,
			);
			name = LaunchScreen.storyboard;
			sourceTree = "<group>";
		};
/* End PBXVariantGroup section */

/* Begin XCBuildConfiguration section */
		A7F488A4248F29030024658F /* Debug */ = {
			isa = XCBuildConfiguration;
			buildSettings = {
				ALWAYS_SEARCH_USER_PATHS = NO;
				CLANG_ANALYZER_NONNULL = YES;
				CLANG_ANALYZER_NUMBER_OBJECT_CONVERSION = YES_AGGRESSIVE;
				CLANG_CXX_LANGUAGE_STANDARD = "gnu++14";
				CLANG_CXX_LIBRARY = "libc++";
				CLANG_ENABLE_MODULES = YES;
				CLANG_ENABLE_OBJC_ARC = YES;
				CLANG_ENABLE_OBJC_WEAK = YES;
				CLANG_WARN_BLOCK_CAPTURE_AUTORELEASING = YES;
				CLANG_WARN_BOOL_CONVERSION = YES;
				CLANG_WARN_COMMA = YES;
				CLANG_WARN_CONSTANT_CONVERSION = YES;
				CLANG_WARN_DEPRECATED_OBJC_IMPLEMENTATIONS = YES;
				CLANG_WARN_DIRECT_OBJC_ISA_USAGE = YES_ERROR;
				CLANG_WARN_DOCUMENTATION_COMMENTS = YES;
				CLANG_WARN_EMPTY_BODY = YES;
				CLANG_WARN_ENUM_CONVERSION = YES;
				CLANG_WARN_INFINITE_RECURSION = YES;
				CLANG_WARN_INT_CONVERSION = YES;
				CLANG_WARN_NON_LITERAL_NULL_CONVERSION = YES;
				CLANG_WARN_OBJC_IMPLICIT_RETAIN_SELF = YES;
				CLANG_WARN_OBJC_LITERAL_CONVERSION = YES;
				CLANG_WARN_OBJC_ROOT_CLASS = YES_ERROR;
				CLANG_WARN_RANGE_LOOP_ANALYSIS = YES;
				CLANG_WARN_STRICT_PROTOTYPES = YES;
				CLANG_WARN_SUSPICIOUS_MOVE = YES;
				CLANG_WARN_UNGUARDED_AVAILABILITY = YES_AGGRESSIVE;
				CLANG_WARN_UNREACHABLE_CODE = YES;
				CLANG_WARN__DUPLICATE_METHOD_MATCH = YES;
				COPY_PHASE_STRIP = NO;
				DEBUG_INFORMATION_FORMAT = dwarf;
				ENABLE_STRICT_OBJC_MSGSEND = YES;
				ENABLE_TESTABILITY = YES;
				GCC_C_LANGUAGE_STANDARD = gnu11;
				GCC_DYNAMIC_NO_PIC = NO;
				GCC_NO_COMMON_BLOCKS = YES;
				GCC_OPTIMIZATION_LEVEL = 0;
				GCC_PREPROCESSOR_DEFINITIONS = (
					"DEBUG=1",
					"$(inherited)",
				);
				GCC_WARN_64_TO_32_BIT_CONVERSION = YES;
				GCC_WARN_ABOUT_RETURN_TYPE = YES_ERROR;
				GCC_WARN_UNDECLARED_SELECTOR = YES;
				GCC_WARN_UNINITIALIZED_AUTOS = YES_AGGRESSIVE;
				GCC_WARN_UNUSED_FUNCTION = YES;
				GCC_WARN_UNUSED_VARIABLE = YES;
				IPHONEOS_DEPLOYMENT_TARGET = 13.0;
				MTL_ENABLE_DEBUG_INFO = INCLUDE_SOURCE;
				MTL_FAST_MATH = YES;
				ONLY_ACTIVE_ARCH = YES;
				SDKROOT = iphoneos;
				SWIFT_ACTIVE_COMPILATION_CONDITIONS = DEBUG;
				SWIFT_OPTIMIZATION_LEVEL = "-Onone";
			};
			name = Debug;
		};
		A7F488A5248F29030024658F /* Release */ = {
			isa = XCBuildConfiguration;
			buildSettings = {
				ALWAYS_SEARCH_USER_PATHS = NO;
				CLANG_ANALYZER_NONNULL = YES;
				CLANG_ANALYZER_NUMBER_OBJECT_CONVERSION = YES_AGGRESSIVE;
				CLANG_CXX_LANGUAGE_STANDARD = "gnu++14";
				CLANG_CXX_LIBRARY = "libc++";
				CLANG_ENABLE_MODULES = YES;
				CLANG_ENABLE_OBJC_ARC = YES;
				CLANG_ENABLE_OBJC_WEAK = YES;
				CLANG_WARN_BLOCK_CAPTURE_AUTORELEASING = YES;
				CLANG_WARN_BOOL_CONVERSION = YES;
				CLANG_WARN_COMMA = YES;
				CLANG_WARN_CONSTANT_CONVERSION = YES;
				CLANG_WARN_DEPRECATED_OBJC_IMPLEMENTATIONS = YES;
				CLANG_WARN_DIRECT_OBJC_ISA_USAGE = YES_ERROR;
				CLANG_WARN_DOCUMENTATION_COMMENTS = YES;
				CLANG_WARN_EMPTY_BODY = YES;
				CLANG_WARN_ENUM_CONVERSION = YES;
				CLANG_WARN_INFINITE_RECURSION = YES;
				CLANG_WARN_INT_CONVERSION = YES;
				CLANG_WARN_NON_LITERAL_NULL_CONVERSION = YES;
				CLANG_WARN_OBJC_IMPLICIT_RETAIN_SELF = YES;
				CLANG_WARN_OBJC_LITERAL_CONVERSION = YES;
				CLANG_WARN_OBJC_ROOT_CLASS = YES_ERROR;
				CLANG_WARN_RANGE_LOOP_ANALYSIS = YES;
				CLANG_WARN_STRICT_PROTOTYPES = YES;
				CLANG_WARN_SUSPICIOUS_MOVE = YES;
				CLANG_WARN_UNGUARDED_AVAILABILITY = YES_AGGRESSIVE;
				CLANG_WARN_UNREACHABLE_CODE = YES;
				CLANG_WARN__DUPLICATE_METHOD_MATCH = YES;
				COPY_PHASE_STRIP = NO;
				DEBUG_INFORMATION_FORMAT = "dwarf-with-dsym";
				ENABLE_NS_ASSERTIONS = NO;
				ENABLE_STRICT_OBJC_MSGSEND = YES;
				GCC_C_LANGUAGE_STANDARD = gnu11;
				GCC_NO_COMMON_BLOCKS = YES;
				GCC_WARN_64_TO_32_BIT_CONVERSION = YES;
				GCC_WARN_ABOUT_RETURN_TYPE = YES_ERROR;
				GCC_WARN_UNDECLARED_SELECTOR = YES;
				GCC_WARN_UNINITIALIZED_AUTOS = YES_AGGRESSIVE;
				GCC_WARN_UNUSED_FUNCTION = YES;
				GCC_WARN_UNUSED_VARIABLE = YES;
				IPHONEOS_DEPLOYMENT_TARGET = 13.0;
				MTL_ENABLE_DEBUG_INFO = NO;
				MTL_FAST_MATH = YES;
				SDKROOT = iphoneos;
				SWIFT_COMPILATION_MODE = wholemodule;
				SWIFT_OPTIMIZATION_LEVEL = "-O";
				VALIDATE_PRODUCT = YES;
			};
			name = Release;
		};
		A7F488A7248F29030024658F /* Debug */ = {
			isa = XCBuildConfiguration;
			buildSettings = {
				ASSETCATALOG_COMPILER_APPICON_NAME = AppIcon;
				CODE_SIGN_STYLE = Automatic;
				DEVELOPMENT_TEAM = 3AMPL46LPV;
				INFOPLIST_FILE = StepSliderSwift/Info.plist;
				LD_RUNPATH_SEARCH_PATHS = (
					"$(inherited)",
					"@executable_path/Frameworks",
				);
				PRODUCT_BUNDLE_IDENTIFIER = com.ytyubox.StepSliderSwift;
				PRODUCT_NAME = "$(TARGET_NAME)";
				SWIFT_VERSION = 5.0;
				TARGETED_DEVICE_FAMILY = "1,2";
			};
			name = Debug;
		};
		A7F488A8248F29030024658F /* Release */ = {
			isa = XCBuildConfiguration;
			buildSettings = {
				ASSETCATALOG_COMPILER_APPICON_NAME = AppIcon;
				CODE_SIGN_STYLE = Automatic;
				DEVELOPMENT_TEAM = 3AMPL46LPV;
				INFOPLIST_FILE = StepSliderSwift/Info.plist;
				LD_RUNPATH_SEARCH_PATHS = (
					"$(inherited)",
					"@executable_path/Frameworks",
				);
				PRODUCT_BUNDLE_IDENTIFIER = com.ytyubox.StepSliderSwift;
				PRODUCT_NAME = "$(TARGET_NAME)";
				SWIFT_VERSION = 5.0;
				TARGETED_DEVICE_FAMILY = "1,2";
			};
			name = Release;
		};
/* End XCBuildConfiguration section */

/* Begin XCConfigurationList section */
		A7F4888D248F29020024658F /* Build configuration list for PBXProject "StepSliderSwift" */ = {
			isa = XCConfigurationList;
			buildConfigurations = (
				A7F488A4248F29030024658F /* Debug */,
				A7F488A5248F29030024658F /* Release */,
			);
			defaultConfigurationIsVisible = 0;
			defaultConfigurationName = Release;
		};
		A7F488A6248F29030024658F /* Build configuration list for PBXNativeTarget "StepSliderSwift" */ = {
			isa = XCConfigurationList;
			buildConfigurations = (
				A7F488A7248F29030024658F /* Debug */,
				A7F488A8248F29030024658F /* Release */,
			);
			defaultConfigurationIsVisible = 0;
			defaultConfigurationName = Release;
		};
/* End XCConfigurationList section */

/* Begin XCRemoteSwiftPackageReference section */
		A71DF261252C2E9200960605 /* XCRemoteSwiftPackageReference "StepSliderSwift" */ = {
			isa = XCRemoteSwiftPackageReference;
			repositoryURL = "git@github.com:ytyubox/StepSliderSwift.git";
			requirement = {
				branch = master;
				kind = branch;
			};
		};
/* End XCRemoteSwiftPackageReference section */

/* Begin XCSwiftPackageProductDependency section */
		A71DF262252C2E9200960605 /* StepSlider */ = {
			isa = XCSwiftPackageProductDependency;
			package = A71DF261252C2E9200960605 /* XCRemoteSwiftPackageReference "StepSliderSwift" */;
			productName = StepSlider;
		};
/* End XCSwiftPackageProductDependency section */
	};
	rootObject = A7F4888A248F29020024658F /* Project object */;
}
